
Microsoft Visual Studio Solution File, Format Version 12.00
# Visual Studio Version 17
VisualStudioVersion = 17.0.31903.59
MinimumVisualStudioVersion = 10.0.40219.1
Project("{FAE04EC0-301F-11D3-BF4B-00C04F79EFBC}") = "Server", "Server\Server.csproj", "{A3EA87CA-09B0-4924-9A83-997BF76988A0}"
EndProject
Project("{FAE04EC0-301F-11D3-BF4B-00C04F79EFBC}") = "Client", "Client\Client.csproj", "{73A19D26-7E13-454B-A4C4-6676FD0EC123}"
EndProject
Global
	GlobalSection(SolutionConfigurationPlatforms) = preSolution
		Debug|Any CPU = Debug|Any CPU
		Release|Any CPU = Release|Any CPU
	EndGlobalSection
	GlobalSection(SolutionProperties) = preSolution
		HideSolutionNode = FALSE
	EndGlobalSection
	GlobalSection(ProjectConfigurationPlatforms) = postSolution
		{A3EA87CA-09B0-4924-9A83-997BF76988A0}.Debug|Any CPU.ActiveCfg = Debug|Any CPU
		{A3EA87CA-09B0-4924-9A83-997BF76988A0}.Debug|Any CPU.Build.0 = Debug|Any CPU
		{A3EA87CA-09B0-4924-9A83-997BF76988A0}.Release|Any CPU.ActiveCfg = Release|Any CPU
		{A3EA87CA-09B0-4924-9A83-997BF76988A0}.Release|Any CPU.Build.0 = Release|Any CPU
		{73A19D26-7E13-454B-A4C4-6676FD0EC123}.Debug|Any CPU.ActiveCfg = Debug|Any CPU
		{73A19D26-7E13-454B-A4C4-6676FD0EC123}.Debug|Any CPU.Build.0 = Debug|Any CPU
		{73A19D26-7E13-454B-A4C4-6676FD0EC123}.Release|Any CPU.ActiveCfg = Release|Any CPU
		{73A19D26-7E13-454B-A4C4-6676FD0EC123}.Release|Any CPU.Build.0 = Release|Any CPU
	EndGlobalSection
EndGlobal
